// !$*UTF8*$!
{
	archiveVersion = 1;
	classes = {
	};
	objectVersion = 46;
	objects = {

/* Begin PBXBuildFile section */
		3B7B55F7162F0BF500D7CDCB /* Cocoa.framework in Frameworks */ = {isa = PBXBuildFile; fileRef = 3B7B55F6162F0BF500D7CDCB /* Cocoa.framework */; };
		3B7B5601162F0BF500D7CDCB /* InfoPlist.strings in Resources */ = {isa = PBXBuildFile; fileRef = 3B7B55FF162F0BF500D7CDCB /* InfoPlist.strings */; };
		3B7B5603162F0BF500D7CDCB /* main.m in Sources */ = {isa = PBXBuildFile; fileRef = 3B7B5602162F0BF500D7CDCB /* main.m */; };
		3B7B5607162F0BF500D7CDCB /* Credits.rtf in Resources */ = {isa = PBXBuildFile; fileRef = 3B7B5605162F0BF500D7CDCB /* Credits.rtf */; };
		3B7B560A162F0BF500D7CDCB /* AppDelegate.m in Sources */ = {isa = PBXBuildFile; fileRef = 3B7B5609162F0BF500D7CDCB /* AppDelegate.m */; };
		3B7B560D162F0BF500D7CDCB /* MainMenu.xib in Resources */ = {isa = PBXBuildFile; fileRef = 3B7B560B162F0BF500D7CDCB /* MainMenu.xib */; };
		3B7B5615162F0BF500D7CDCB /* SenTestingKit.framework in Frameworks */ = {isa = PBXBuildFile; fileRef = 3B7B5614162F0BF500D7CDCB /* SenTestingKit.framework */; };
		3B7B5616162F0BF500D7CDCB /* Cocoa.framework in Frameworks */ = {isa = PBXBuildFile; fileRef = 3B7B55F6162F0BF500D7CDCB /* Cocoa.framework */; };
		3B7B561E162F0BF500D7CDCB /* InfoPlist.strings in Resources */ = {isa = PBXBuildFile; fileRef = 3B7B561C162F0BF500D7CDCB /* InfoPlist.strings */; };
		3B7B5657162F0C5B00D7CDCB /* libExpecta-macosx.a in Frameworks */ = {isa = PBXBuildFile; fileRef = 3B7B5648162F0C5B00D7CDCB /* libExpecta-macosx.a */; };
		3B7B5658162F0C5B00D7CDCB /* OCMock.framework in Frameworks */ = {isa = PBXBuildFile; fileRef = 3B7B564B162F0C5B00D7CDCB /* OCMock.framework */; };
		3B7B5659162F0C5B00D7CDCB /* libSpecta-macosx.a in Frameworks */ = {isa = PBXBuildFile; fileRef = 3B7B564D162F0C5B00D7CDCB /* libSpecta-macosx.a */; };
		3B7B565B162F0D2E00D7CDCB /* OCMock.framework in CopyFiles */ = {isa = PBXBuildFile; fileRef = 3B7B564B162F0C5B00D7CDCB /* OCMock.framework */; };
		3B7B5662162F134500D7CDCB /* AppDelegateLoadingSpec.m in Sources */ = {isa = PBXBuildFile; fileRef = 3B7B5661162F134500D7CDCB /* AppDelegateLoadingSpec.m */; };
		3B7B5669162F1B2B00D7CDCB /* statusIconTemplate.png in Resources */ = {isa = PBXBuildFile; fileRef = 3B7B5667162F1B2B00D7CDCB /* statusIconTemplate.png */; };
		3B7B566A162F1B2B00D7CDCB /* statusIconTemplate.png in Resources */ = {isa = PBXBuildFile; fileRef = 3B7B5667162F1B2B00D7CDCB /* statusIconTemplate.png */; };
		3B7B566B162F1B2B00D7CDCB /* statusIconTemplate@2x.png in Resources */ = {isa = PBXBuildFile; fileRef = 3B7B5668162F1B2B00D7CDCB /* statusIconTemplate@2x.png */; };
		3B7B566C162F1B2B00D7CDCB /* statusIconTemplate@2x.png in Resources */ = {isa = PBXBuildFile; fileRef = 3B7B5668162F1B2B00D7CDCB /* statusIconTemplate@2x.png */; };
		3B7B566F162F1BCD00D7CDCB /* StatusBarMenuSpec.m in Sources */ = {isa = PBXBuildFile; fileRef = 3B7B566E162F1BCD00D7CDCB /* StatusBarMenuSpec.m */; };
		3B8C73101630A18F0092ADE8 /* ProjectMenuItemViewController.m in Sources */ = {isa = PBXBuildFile; fileRef = 3B8C730E1630A18F0092ADE8 /* ProjectMenuItemViewController.m */; };
		3B8C73111630A18F0092ADE8 /* ProjectMenuItemViewController.m in Sources */ = {isa = PBXBuildFile; fileRef = 3B8C730E1630A18F0092ADE8 /* ProjectMenuItemViewController.m */; };
		3B8C73121630A18F0092ADE8 /* ProjectMenuItemView.xib in Resources */ = {isa = PBXBuildFile; fileRef = 3B8C730F1630A18F0092ADE8 /* ProjectMenuItemView.xib */; };
		3B8C73131630A18F0092ADE8 /* ProjectMenuItemView.xib in Resources */ = {isa = PBXBuildFile; fileRef = 3B8C730F1630A18F0092ADE8 /* ProjectMenuItemView.xib */; };
		3B8C73161630A3D20092ADE8 /* ProjectMenuItemViewControllerSpec.m in Sources */ = {isa = PBXBuildFile; fileRef = 3B8C73151630A3D20092ADE8 /* ProjectMenuItemViewControllerSpec.m */; };
		3B8C73181630B6640092ADE8 /* ProjectsPreferencesView.xib in Resources */ = {isa = PBXBuildFile; fileRef = 3B8C73171630B6640092ADE8 /* ProjectsPreferencesView.xib */; };
		3B8C73341630BB190092ADE8 /* SMXObject.m in Sources */ = {isa = PBXBuildFile; fileRef = 3B8C73331630BB190092ADE8 /* SMXObject.m */; };
		3B8C73351630BB190092ADE8 /* SMXObject.m in Sources */ = {isa = PBXBuildFile; fileRef = 3B8C73331630BB190092ADE8 /* SMXObject.m */; };
		3B8C733716311FC60092ADE8 /* License.txt in Resources */ = {isa = PBXBuildFile; fileRef = 3B8C733616311FC60092ADE8 /* License.txt */; };
		3B8C733C16312E780092ADE8 /* semaphore-notifier.icns in Resources */ = {isa = PBXBuildFile; fileRef = 3B8C733B16312E780092ADE8 /* semaphore-notifier.icns */; };
		3B8C73411631392F0092ADE8 /* BranchMenuItemViewController.m in Sources */ = {isa = PBXBuildFile; fileRef = 3B8C733F1631392E0092ADE8 /* BranchMenuItemViewController.m */; };
		3B8C73421631392F0092ADE8 /* BranchMenuItemViewController.m in Sources */ = {isa = PBXBuildFile; fileRef = 3B8C733F1631392E0092ADE8 /* BranchMenuItemViewController.m */; };
		3B8C73431631392F0092ADE8 /* BranchMenuItemView.xib in Resources */ = {isa = PBXBuildFile; fileRef = 3B8C73401631392F0092ADE8 /* BranchMenuItemView.xib */; };
		3B8C73441631392F0092ADE8 /* BranchMenuItemView.xib in Resources */ = {isa = PBXBuildFile; fileRef = 3B8C73401631392F0092ADE8 /* BranchMenuItemView.xib */; };
		3B8C73471631396C0092ADE8 /* BranchMenuItemViewControllerSpec.m in Sources */ = {isa = PBXBuildFile; fileRef = 3B8C73461631396C0092ADE8 /* BranchMenuItemViewControllerSpec.m */; };
		3B8C734A163139CA0092ADE8 /* Branch.m in Sources */ = {isa = PBXBuildFile; fileRef = 3B8C7349163139CA0092ADE8 /* Branch.m */; };
		3B8C734B163139CA0092ADE8 /* Branch.m in Sources */ = {isa = PBXBuildFile; fileRef = 3B8C7349163139CA0092ADE8 /* Branch.m */; };
		3B8C734E163139D50092ADE8 /* BranchSpec.m in Sources */ = {isa = PBXBuildFile; fileRef = 3B8C734D163139D50092ADE8 /* BranchSpec.m */; };
		3B9FCB74162F205C0013F015 /* Project.m in Sources */ = {isa = PBXBuildFile; fileRef = 3B9FCB73162F205C0013F015 /* Project.m */; };
		3B9FCB75162F205C0013F015 /* Project.m in Sources */ = {isa = PBXBuildFile; fileRef = 3B9FCB73162F205C0013F015 /* Project.m */; };
		3B9FCB78162F206A0013F015 /* ProjectSpec.m in Sources */ = {isa = PBXBuildFile; fileRef = 3B9FCB77162F206A0013F015 /* ProjectSpec.m */; };
		3B9FCB83162F23470013F015 /* AppDelegateSpec.m in Sources */ = {isa = PBXBuildFile; fileRef = 3B9FCB82162F23470013F015 /* AppDelegateSpec.m */; };
		3B9FCB99162F28CE0013F015 /* MASPreferencesWindow.xib in Resources */ = {isa = PBXBuildFile; fileRef = 3B9FCB93162F28CE0013F015 /* MASPreferencesWindow.xib */; };
		3B9FCB9A162F28CE0013F015 /* MASPreferencesWindow.xib in Resources */ = {isa = PBXBuildFile; fileRef = 3B9FCB93162F28CE0013F015 /* MASPreferencesWindow.xib */; };
		3B9FCB9B162F28CE0013F015 /* MASPreferencesWindowController.m in Sources */ = {isa = PBXBuildFile; fileRef = 3B9FCB95162F28CE0013F015 /* MASPreferencesWindowController.m */; };
		3B9FCB9C162F28CE0013F015 /* MASPreferencesWindowController.m in Sources */ = {isa = PBXBuildFile; fileRef = 3B9FCB95162F28CE0013F015 /* MASPreferencesWindowController.m */; };
		3B9FCB9D162F28CE0013F015 /* README.md in Resources */ = {isa = PBXBuildFile; fileRef = 3B9FCB96162F28CE0013F015 /* README.md */; };
		3B9FCB9E162F28CE0013F015 /* README.md in Resources */ = {isa = PBXBuildFile; fileRef = 3B9FCB96162F28CE0013F015 /* README.md */; };
		3B9FCBA4162F295E0013F015 /* ConfigurationPreferencesViewController.m in Sources */ = {isa = PBXBuildFile; fileRef = 3B9FCBA2162F295E0013F015 /* ConfigurationPreferencesViewController.m */; };
		3B9FCBA5162F295E0013F015 /* ConfigurationPreferencesViewController.m in Sources */ = {isa = PBXBuildFile; fileRef = 3B9FCBA2162F295E0013F015 /* ConfigurationPreferencesViewController.m */; };
		3B9FCBA6162F295E0013F015 /* ConfigurationPreferencesView.xib in Resources */ = {isa = PBXBuildFile; fileRef = 3B9FCBA3162F295E0013F015 /* ConfigurationPreferencesView.xib */; };
		3B9FCBA7162F295E0013F015 /* ConfigurationPreferencesView.xib in Resources */ = {isa = PBXBuildFile; fileRef = 3B9FCBA3162F295E0013F015 /* ConfigurationPreferencesView.xib */; };
		3B9FCBAB162F2A530013F015 /* ConfigurationPreferenceViewControllerSpec.m in Sources */ = {isa = PBXBuildFile; fileRef = 3B9FCBAA162F2A530013F015 /* ConfigurationPreferenceViewControllerSpec.m */; };
		3B9FCBB3163055CE0013F015 /* ProjectsPreferencesViewController.m in Sources */ = {isa = PBXBuildFile; fileRef = 3B9FCBB1163055CE0013F015 /* ProjectsPreferencesViewController.m */; };
		3B9FCBB4163055CE0013F015 /* ProjectsPreferencesViewController.m in Sources */ = {isa = PBXBuildFile; fileRef = 3B9FCBB1163055CE0013F015 /* ProjectsPreferencesViewController.m */; };
		3B9FCBBA163058F90013F015 /* AdvancedPreferencesViewController.m in Sources */ = {isa = PBXBuildFile; fileRef = 3B9FCBB8163058F90013F015 /* AdvancedPreferencesViewController.m */; };
		3B9FCBBB163058F90013F015 /* AdvancedPreferencesViewController.m in Sources */ = {isa = PBXBuildFile; fileRef = 3B9FCBB8163058F90013F015 /* AdvancedPreferencesViewController.m */; };
		3B9FCBBC163058F90013F015 /* AdvancedPreferencesView.xib in Resources */ = {isa = PBXBuildFile; fileRef = 3B9FCBB9163058F90013F015 /* AdvancedPreferencesView.xib */; };
		3B9FCBBD163058F90013F015 /* AdvancedPreferencesView.xib in Resources */ = {isa = PBXBuildFile; fileRef = 3B9FCBB9163058F90013F015 /* AdvancedPreferencesView.xib */; };
		3B9FCBC9163072120013F015 /* ProjectsPreferencesViewControllerSpec.m in Sources */ = {isa = PBXBuildFile; fileRef = 3B9FCBC8163072120013F015 /* ProjectsPreferencesViewControllerSpec.m */; };
		3B9FCBCC1630721E0013F015 /* AdvancedPreferencesViewControllerSpec.m in Sources */ = {isa = PBXBuildFile; fileRef = 3B9FCBCB1630721E0013F015 /* AdvancedPreferencesViewControllerSpec.m */; };
/* End PBXBuildFile section */

/* Begin PBXContainerItemProxy section */
		3B7B5617162F0BF500D7CDCB /* PBXContainerItemProxy */ = {
			isa = PBXContainerItemProxy;
			containerPortal = 3B7B55E9162F0BF500D7CDCB /* Project object */;
			proxyType = 1;
			remoteGlobalIDString = 3B7B55F1162F0BF500D7CDCB;
			remoteInfo = "Semaphore Notifier";
		};
/* End PBXContainerItemProxy section */

/* Begin PBXCopyFilesBuildPhase section */
		3B7B565A162F0D2900D7CDCB /* CopyFiles */ = {
			isa = PBXCopyFilesBuildPhase;
			buildActionMask = 2147483647;
			dstPath = "";
			dstSubfolderSpec = 16;
			files = (
				3B7B565B162F0D2E00D7CDCB /* OCMock.framework in CopyFiles */,
			);
			runOnlyForDeploymentPostprocessing = 0;
		};
/* End PBXCopyFilesBuildPhase section */

/* Begin PBXFileReference section */
		3B7B55F2162F0BF500D7CDCB /* Semaphore Notifier.app */ = {isa = PBXFileReference; explicitFileType = wrapper.application; includeInIndex = 0; path = "Semaphore Notifier.app"; sourceTree = BUILT_PRODUCTS_DIR; };
		3B7B55F6162F0BF500D7CDCB /* Cocoa.framework */ = {isa = PBXFileReference; lastKnownFileType = wrapper.framework; name = Cocoa.framework; path = System/Library/Frameworks/Cocoa.framework; sourceTree = SDKROOT; };
		3B7B55F9162F0BF500D7CDCB /* AppKit.framework */ = {isa = PBXFileReference; lastKnownFileType = wrapper.framework; name = AppKit.framework; path = System/Library/Frameworks/AppKit.framework; sourceTree = SDKROOT; };
		3B7B55FA162F0BF500D7CDCB /* CoreData.framework */ = {isa = PBXFileReference; lastKnownFileType = wrapper.framework; name = CoreData.framework; path = System/Library/Frameworks/CoreData.framework; sourceTree = SDKROOT; };
		3B7B55FB162F0BF500D7CDCB /* Foundation.framework */ = {isa = PBXFileReference; lastKnownFileType = wrapper.framework; name = Foundation.framework; path = System/Library/Frameworks/Foundation.framework; sourceTree = SDKROOT; };
		3B7B55FE162F0BF500D7CDCB /* Semaphore Notifier-Info.plist */ = {isa = PBXFileReference; lastKnownFileType = text.plist.xml; path = "Semaphore Notifier-Info.plist"; sourceTree = "<group>"; };
		3B7B5600162F0BF500D7CDCB /* en */ = {isa = PBXFileReference; lastKnownFileType = text.plist.strings; name = en; path = en.lproj/InfoPlist.strings; sourceTree = "<group>"; };
		3B7B5602162F0BF500D7CDCB /* main.m */ = {isa = PBXFileReference; lastKnownFileType = sourcecode.c.objc; path = main.m; sourceTree = "<group>"; };
		3B7B5604162F0BF500D7CDCB /* Semaphore Notifier-Prefix.pch */ = {isa = PBXFileReference; lastKnownFileType = sourcecode.c.h; path = "Semaphore Notifier-Prefix.pch"; sourceTree = "<group>"; };
		3B7B5606162F0BF500D7CDCB /* en */ = {isa = PBXFileReference; lastKnownFileType = text.rtf; name = en; path = en.lproj/Credits.rtf; sourceTree = "<group>"; };
		3B7B5608162F0BF500D7CDCB /* AppDelegate.h */ = {isa = PBXFileReference; lastKnownFileType = sourcecode.c.h; path = AppDelegate.h; sourceTree = "<group>"; };
		3B7B5609162F0BF500D7CDCB /* AppDelegate.m */ = {isa = PBXFileReference; lastKnownFileType = sourcecode.c.objc; path = AppDelegate.m; sourceTree = "<group>"; };
		3B7B560C162F0BF500D7CDCB /* en */ = {isa = PBXFileReference; lastKnownFileType = file.xib; name = en; path = en.lproj/MainMenu.xib; sourceTree = "<group>"; };
		3B7B5613162F0BF500D7CDCB /* Semaphore NotifierTests.octest */ = {isa = PBXFileReference; explicitFileType = wrapper.cfbundle; includeInIndex = 0; path = "Semaphore NotifierTests.octest"; sourceTree = BUILT_PRODUCTS_DIR; };
		3B7B5614162F0BF500D7CDCB /* SenTestingKit.framework */ = {isa = PBXFileReference; lastKnownFileType = wrapper.framework; name = SenTestingKit.framework; path = Library/Frameworks/SenTestingKit.framework; sourceTree = DEVELOPER_DIR; };
		3B7B561B162F0BF500D7CDCB /* Semaphore NotifierTests-Info.plist */ = {isa = PBXFileReference; lastKnownFileType = text.plist.xml; path = "Semaphore NotifierTests-Info.plist"; sourceTree = "<group>"; };
		3B7B561D162F0BF500D7CDCB /* en */ = {isa = PBXFileReference; lastKnownFileType = text.plist.strings; name = en; path = en.lproj/InfoPlist.strings; sourceTree = "<group>"; };
		3B7B562B162F0C5B00D7CDCB /* EXPBackwardCompatibility.h */ = {isa = PBXFileReference; fileEncoding = 4; lastKnownFileType = sourcecode.c.h; path = EXPBackwardCompatibility.h; sourceTree = "<group>"; };
		3B7B562C162F0C5B00D7CDCB /* EXPBlockDefinedMatcher.h */ = {isa = PBXFileReference; fileEncoding = 4; lastKnownFileType = sourcecode.c.h; path = EXPBlockDefinedMatcher.h; sourceTree = "<group>"; };
		3B7B562D162F0C5B00D7CDCB /* EXPDefines.h */ = {isa = PBXFileReference; fileEncoding = 4; lastKnownFileType = sourcecode.c.h; path = EXPDefines.h; sourceTree = "<group>"; };
		3B7B562E162F0C5B00D7CDCB /* EXPDoubleTuple.h */ = {isa = PBXFileReference; fileEncoding = 4; lastKnownFileType = sourcecode.c.h; path = EXPDoubleTuple.h; sourceTree = "<group>"; };
		3B7B562F162F0C5B00D7CDCB /* Expecta.h */ = {isa = PBXFileReference; fileEncoding = 4; lastKnownFileType = sourcecode.c.h; path = Expecta.h; sourceTree = "<group>"; };
		3B7B5630162F0C5B00D7CDCB /* ExpectaSupport.h */ = {isa = PBXFileReference; fileEncoding = 4; lastKnownFileType = sourcecode.c.h; path = ExpectaSupport.h; sourceTree = "<group>"; };
		3B7B5631162F0C5B00D7CDCB /* EXPExpect.h */ = {isa = PBXFileReference; fileEncoding = 4; lastKnownFileType = sourcecode.c.h; path = EXPExpect.h; sourceTree = "<group>"; };
		3B7B5632162F0C5B00D7CDCB /* EXPFloatTuple.h */ = {isa = PBXFileReference; fileEncoding = 4; lastKnownFileType = sourcecode.c.h; path = EXPFloatTuple.h; sourceTree = "<group>"; };
		3B7B5633162F0C5B00D7CDCB /* EXPMatcher.h */ = {isa = PBXFileReference; fileEncoding = 4; lastKnownFileType = sourcecode.c.h; path = EXPMatcher.h; sourceTree = "<group>"; };
		3B7B5634162F0C5B00D7CDCB /* EXPMatcherHelpers.h */ = {isa = PBXFileReference; fileEncoding = 4; lastKnownFileType = sourcecode.c.h; path = EXPMatcherHelpers.h; sourceTree = "<group>"; };
		3B7B5635162F0C5B00D7CDCB /* EXPMatchers+beCloseTo.h */ = {isa = PBXFileReference; fileEncoding = 4; lastKnownFileType = sourcecode.c.h; path = "EXPMatchers+beCloseTo.h"; sourceTree = "<group>"; };
		3B7B5636162F0C5B00D7CDCB /* EXPMatchers+beFalsy.h */ = {isa = PBXFileReference; fileEncoding = 4; lastKnownFileType = sourcecode.c.h; path = "EXPMatchers+beFalsy.h"; sourceTree = "<group>"; };
		3B7B5637162F0C5B00D7CDCB /* EXPMatchers+beGreaterThan.h */ = {isa = PBXFileReference; fileEncoding = 4; lastKnownFileType = sourcecode.c.h; path = "EXPMatchers+beGreaterThan.h"; sourceTree = "<group>"; };
		3B7B5638162F0C5B00D7CDCB /* EXPMatchers+beGreaterThanOrEqualTo.h */ = {isa = PBXFileReference; fileEncoding = 4; lastKnownFileType = sourcecode.c.h; path = "EXPMatchers+beGreaterThanOrEqualTo.h"; sourceTree = "<group>"; };
		3B7B5639162F0C5B00D7CDCB /* EXPMatchers+beIdenticalTo.h */ = {isa = PBXFileReference; fileEncoding = 4; lastKnownFileType = sourcecode.c.h; path = "EXPMatchers+beIdenticalTo.h"; sourceTree = "<group>"; };
		3B7B563A162F0C5B00D7CDCB /* EXPMatchers+beInstanceOf.h */ = {isa = PBXFileReference; fileEncoding = 4; lastKnownFileType = sourcecode.c.h; path = "EXPMatchers+beInstanceOf.h"; sourceTree = "<group>"; };
		3B7B563B162F0C5B00D7CDCB /* EXPMatchers+beInTheRangeOf.h */ = {isa = PBXFileReference; fileEncoding = 4; lastKnownFileType = sourcecode.c.h; path = "EXPMatchers+beInTheRangeOf.h"; sourceTree = "<group>"; };
		3B7B563C162F0C5B00D7CDCB /* EXPMatchers+beKindOf.h */ = {isa = PBXFileReference; fileEncoding = 4; lastKnownFileType = sourcecode.c.h; path = "EXPMatchers+beKindOf.h"; sourceTree = "<group>"; };
		3B7B563D162F0C5B00D7CDCB /* EXPMatchers+beLessThan.h */ = {isa = PBXFileReference; fileEncoding = 4; lastKnownFileType = sourcecode.c.h; path = "EXPMatchers+beLessThan.h"; sourceTree = "<group>"; };
		3B7B563E162F0C5B00D7CDCB /* EXPMatchers+beLessThanOrEqualTo.h */ = {isa = PBXFileReference; fileEncoding = 4; lastKnownFileType = sourcecode.c.h; path = "EXPMatchers+beLessThanOrEqualTo.h"; sourceTree = "<group>"; };
		3B7B563F162F0C5B00D7CDCB /* EXPMatchers+beNil.h */ = {isa = PBXFileReference; fileEncoding = 4; lastKnownFileType = sourcecode.c.h; path = "EXPMatchers+beNil.h"; sourceTree = "<group>"; };
		3B7B5640162F0C5B00D7CDCB /* EXPMatchers+beSubclassOf.h */ = {isa = PBXFileReference; fileEncoding = 4; lastKnownFileType = sourcecode.c.h; path = "EXPMatchers+beSubclassOf.h"; sourceTree = "<group>"; };
		3B7B5641162F0C5B00D7CDCB /* EXPMatchers+beTruthy.h */ = {isa = PBXFileReference; fileEncoding = 4; lastKnownFileType = sourcecode.c.h; path = "EXPMatchers+beTruthy.h"; sourceTree = "<group>"; };
		3B7B5642162F0C5B00D7CDCB /* EXPMatchers+contain.h */ = {isa = PBXFileReference; fileEncoding = 4; lastKnownFileType = sourcecode.c.h; path = "EXPMatchers+contain.h"; sourceTree = "<group>"; };
		3B7B5643162F0C5B00D7CDCB /* EXPMatchers+equal.h */ = {isa = PBXFileReference; fileEncoding = 4; lastKnownFileType = sourcecode.c.h; path = "EXPMatchers+equal.h"; sourceTree = "<group>"; };
		3B7B5644162F0C5B00D7CDCB /* EXPMatchers+haveCountOf.h */ = {isa = PBXFileReference; fileEncoding = 4; lastKnownFileType = sourcecode.c.h; path = "EXPMatchers+haveCountOf.h"; sourceTree = "<group>"; };
		3B7B5645162F0C5B00D7CDCB /* EXPMatchers+raise.h */ = {isa = PBXFileReference; fileEncoding = 4; lastKnownFileType = sourcecode.c.h; path = "EXPMatchers+raise.h"; sourceTree = "<group>"; };
		3B7B5646162F0C5B00D7CDCB /* EXPMatchers.h */ = {isa = PBXFileReference; fileEncoding = 4; lastKnownFileType = sourcecode.c.h; path = EXPMatchers.h; sourceTree = "<group>"; };
		3B7B5647162F0C5B00D7CDCB /* EXPUnsupportedObject.h */ = {isa = PBXFileReference; fileEncoding = 4; lastKnownFileType = sourcecode.c.h; path = EXPUnsupportedObject.h; sourceTree = "<group>"; };
		3B7B5648162F0C5B00D7CDCB /* libExpecta-macosx.a */ = {isa = PBXFileReference; lastKnownFileType = archive.ar; path = "libExpecta-macosx.a"; sourceTree = "<group>"; };
		3B7B5649162F0C5B00D7CDCB /* NSObject+Expecta.h */ = {isa = PBXFileReference; fileEncoding = 4; lastKnownFileType = sourcecode.c.h; path = "NSObject+Expecta.h"; sourceTree = "<group>"; };
		3B7B564A162F0C5B00D7CDCB /* NSValue+Expecta.h */ = {isa = PBXFileReference; fileEncoding = 4; lastKnownFileType = sourcecode.c.h; path = "NSValue+Expecta.h"; sourceTree = "<group>"; };
		3B7B564B162F0C5B00D7CDCB /* OCMock.framework */ = {isa = PBXFileReference; lastKnownFileType = wrapper.framework; path = OCMock.framework; sourceTree = "<group>"; };
		3B7B564D162F0C5B00D7CDCB /* libSpecta-macosx.a */ = {isa = PBXFileReference; lastKnownFileType = archive.ar; path = "libSpecta-macosx.a"; sourceTree = "<group>"; };
		3B7B564E162F0C5B00D7CDCB /* Specta.h */ = {isa = PBXFileReference; fileEncoding = 4; lastKnownFileType = sourcecode.c.h; path = Specta.h; sourceTree = "<group>"; };
		3B7B564F162F0C5B00D7CDCB /* SpectaSupport.h */ = {isa = PBXFileReference; fileEncoding = 4; lastKnownFileType = sourcecode.c.h; path = SpectaSupport.h; sourceTree = "<group>"; };
		3B7B5650162F0C5B00D7CDCB /* SpectaTypes.h */ = {isa = PBXFileReference; fileEncoding = 4; lastKnownFileType = sourcecode.c.h; path = SpectaTypes.h; sourceTree = "<group>"; };
		3B7B5651162F0C5B00D7CDCB /* SPTExample.h */ = {isa = PBXFileReference; fileEncoding = 4; lastKnownFileType = sourcecode.c.h; path = SPTExample.h; sourceTree = "<group>"; };
		3B7B5652162F0C5B00D7CDCB /* SPTExampleGroup.h */ = {isa = PBXFileReference; fileEncoding = 4; lastKnownFileType = sourcecode.c.h; path = SPTExampleGroup.h; sourceTree = "<group>"; };
		3B7B5653162F0C5B00D7CDCB /* SPTSenTestCase.h */ = {isa = PBXFileReference; fileEncoding = 4; lastKnownFileType = sourcecode.c.h; path = SPTSenTestCase.h; sourceTree = "<group>"; };
		3B7B5654162F0C5B00D7CDCB /* SPTSenTestInvocation.h */ = {isa = PBXFileReference; fileEncoding = 4; lastKnownFileType = sourcecode.c.h; path = SPTSenTestInvocation.h; sourceTree = "<group>"; };
		3B7B5655162F0C5B00D7CDCB /* SPTSharedExampleGroups.h */ = {isa = PBXFileReference; fileEncoding = 4; lastKnownFileType = sourcecode.c.h; path = SPTSharedExampleGroups.h; sourceTree = "<group>"; };
		3B7B5656162F0C5B00D7CDCB /* SPTSpec.h */ = {isa = PBXFileReference; fileEncoding = 4; lastKnownFileType = sourcecode.c.h; path = SPTSpec.h; sourceTree = "<group>"; };
		3B7B565F162F0D7A00D7CDCB /* SpecHelper.h */ = {isa = PBXFileReference; lastKnownFileType = sourcecode.c.h; path = SpecHelper.h; sourceTree = "<group>"; };
		3B7B5661162F134500D7CDCB /* AppDelegateLoadingSpec.m */ = {isa = PBXFileReference; fileEncoding = 4; lastKnownFileType = sourcecode.c.objc; path = AppDelegateLoadingSpec.m; sourceTree = "<group>"; };
		3B7B5667162F1B2B00D7CDCB /* statusIconTemplate.png */ = {isa = PBXFileReference; lastKnownFileType = image.png; path = statusIconTemplate.png; sourceTree = "<group>"; };
		3B7B5668162F1B2B00D7CDCB /* statusIconTemplate@2x.png */ = {isa = PBXFileReference; lastKnownFileType = image.png; path = "statusIconTemplate@2x.png"; sourceTree = "<group>"; };
		3B7B566E162F1BCD00D7CDCB /* StatusBarMenuSpec.m */ = {isa = PBXFileReference; fileEncoding = 4; lastKnownFileType = sourcecode.c.objc; path = StatusBarMenuSpec.m; sourceTree = "<group>"; };
		3B8C730D1630A18F0092ADE8 /* ProjectMenuItemViewController.h */ = {isa = PBXFileReference; fileEncoding = 4; lastKnownFileType = sourcecode.c.h; path = ProjectMenuItemViewController.h; sourceTree = "<group>"; };
		3B8C730E1630A18F0092ADE8 /* ProjectMenuItemViewController.m */ = {isa = PBXFileReference; fileEncoding = 4; lastKnownFileType = sourcecode.c.objc; path = ProjectMenuItemViewController.m; sourceTree = "<group>"; };
		3B8C730F1630A18F0092ADE8 /* ProjectMenuItemView.xib */ = {isa = PBXFileReference; fileEncoding = 4; lastKnownFileType = file.xib; path = ProjectMenuItemView.xib; sourceTree = "<group>"; };
		3B8C73151630A3D20092ADE8 /* ProjectMenuItemViewControllerSpec.m */ = {isa = PBXFileReference; fileEncoding = 4; lastKnownFileType = sourcecode.c.objc; path = ProjectMenuItemViewControllerSpec.m; sourceTree = "<group>"; };
		3B8C73171630B6640092ADE8 /* ProjectsPreferencesView.xib */ = {isa = PBXFileReference; fileEncoding = 4; lastKnownFileType = file.xib; path = ProjectsPreferencesView.xib; sourceTree = "<group>"; };
		3B8C73321630BB190092ADE8 /* SMXObject.h */ = {isa = PBXFileReference; fileEncoding = 4; lastKnownFileType = sourcecode.c.h; path = SMXObject.h; sourceTree = "<group>"; };
		3B8C73331630BB190092ADE8 /* SMXObject.m */ = {isa = PBXFileReference; fileEncoding = 4; lastKnownFileType = sourcecode.c.objc; path = SMXObject.m; sourceTree = "<group>"; };
		3B8C733616311FC60092ADE8 /* License.txt */ = {isa = PBXFileReference; fileEncoding = 4; lastKnownFileType = text; path = License.txt; sourceTree = "<group>"; };
		3B8C733B16312E780092ADE8 /* semaphore-notifier.icns */ = {isa = PBXFileReference; lastKnownFileType = image.icns; path = "semaphore-notifier.icns"; sourceTree = "<group>"; };
		3B8C733E1631392E0092ADE8 /* BranchMenuItemViewController.h */ = {isa = PBXFileReference; fileEncoding = 4; lastKnownFileType = sourcecode.c.h; path = BranchMenuItemViewController.h; sourceTree = "<group>"; };
		3B8C733F1631392E0092ADE8 /* BranchMenuItemViewController.m */ = {isa = PBXFileReference; fileEncoding = 4; lastKnownFileType = sourcecode.c.objc; path = BranchMenuItemViewController.m; sourceTree = "<group>"; };
		3B8C73401631392F0092ADE8 /* BranchMenuItemView.xib */ = {isa = PBXFileReference; fileEncoding = 4; lastKnownFileType = file.xib; path = BranchMenuItemView.xib; sourceTree = "<group>"; };
		3B8C73461631396C0092ADE8 /* BranchMenuItemViewControllerSpec.m */ = {isa = PBXFileReference; fileEncoding = 4; lastKnownFileType = sourcecode.c.objc; path = BranchMenuItemViewControllerSpec.m; sourceTree = "<group>"; };
		3B8C7348163139CA0092ADE8 /* Branch.h */ = {isa = PBXFileReference; fileEncoding = 4; lastKnownFileType = sourcecode.c.h; path = Branch.h; sourceTree = "<group>"; };
		3B8C7349163139CA0092ADE8 /* Branch.m */ = {isa = PBXFileReference; fileEncoding = 4; lastKnownFileType = sourcecode.c.objc; path = Branch.m; sourceTree = "<group>"; };
		3B8C734D163139D50092ADE8 /* BranchSpec.m */ = {isa = PBXFileReference; fileEncoding = 4; lastKnownFileType = sourcecode.c.objc; path = BranchSpec.m; sourceTree = "<group>"; };
		3B9FCB72162F205C0013F015 /* Project.h */ = {isa = PBXFileReference; fileEncoding = 4; lastKnownFileType = sourcecode.c.h; path = Project.h; sourceTree = "<group>"; };
		3B9FCB73162F205C0013F015 /* Project.m */ = {isa = PBXFileReference; fileEncoding = 4; lastKnownFileType = sourcecode.c.objc; path = Project.m; sourceTree = "<group>"; };
		3B9FCB77162F206A0013F015 /* ProjectSpec.m */ = {isa = PBXFileReference; fileEncoding = 4; lastKnownFileType = sourcecode.c.objc; path = ProjectSpec.m; sourceTree = "<group>"; };
		3B9FCB82162F23470013F015 /* AppDelegateSpec.m */ = {isa = PBXFileReference; fileEncoding = 4; lastKnownFileType = sourcecode.c.objc; path = AppDelegateSpec.m; sourceTree = "<group>"; };
		3B9FCB92162F28CE0013F015 /* MASPreferencesViewController.h */ = {isa = PBXFileReference; fileEncoding = 4; lastKnownFileType = sourcecode.c.h; path = MASPreferencesViewController.h; sourceTree = "<group>"; };
		3B9FCB93162F28CE0013F015 /* MASPreferencesWindow.xib */ = {isa = PBXFileReference; fileEncoding = 4; lastKnownFileType = file.xib; path = MASPreferencesWindow.xib; sourceTree = "<group>"; };
		3B9FCB94162F28CE0013F015 /* MASPreferencesWindowController.h */ = {isa = PBXFileReference; fileEncoding = 4; lastKnownFileType = sourcecode.c.h; path = MASPreferencesWindowController.h; sourceTree = "<group>"; };
		3B9FCB95162F28CE0013F015 /* MASPreferencesWindowController.m */ = {isa = PBXFileReference; fileEncoding = 4; lastKnownFileType = sourcecode.c.objc; path = MASPreferencesWindowController.m; sourceTree = "<group>"; };
		3B9FCB96162F28CE0013F015 /* README.md */ = {isa = PBXFileReference; fileEncoding = 4; lastKnownFileType = text; path = README.md; sourceTree = "<group>"; };
		3B9FCBA1162F295E0013F015 /* ConfigurationPreferencesViewController.h */ = {isa = PBXFileReference; fileEncoding = 4; lastKnownFileType = sourcecode.c.h; path = ConfigurationPreferencesViewController.h; sourceTree = "<group>"; };
		3B9FCBA2162F295E0013F015 /* ConfigurationPreferencesViewController.m */ = {isa = PBXFileReference; fileEncoding = 4; lastKnownFileType = sourcecode.c.objc; path = ConfigurationPreferencesViewController.m; sourceTree = "<group>"; };
		3B9FCBA3162F295E0013F015 /* ConfigurationPreferencesView.xib */ = {isa = PBXFileReference; fileEncoding = 4; lastKnownFileType = file.xib; path = ConfigurationPreferencesView.xib; sourceTree = "<group>"; };
		3B9FCBAA162F2A530013F015 /* ConfigurationPreferenceViewControllerSpec.m */ = {isa = PBXFileReference; fileEncoding = 4; lastKnownFileType = sourcecode.c.objc; path = ConfigurationPreferenceViewControllerSpec.m; sourceTree = "<group>"; };
		3B9FCBB0163055CE0013F015 /* ProjectsPreferencesViewController.h */ = {isa = PBXFileReference; fileEncoding = 4; lastKnownFileType = sourcecode.c.h; path = ProjectsPreferencesViewController.h; sourceTree = "<group>"; };
		3B9FCBB1163055CE0013F015 /* ProjectsPreferencesViewController.m */ = {isa = PBXFileReference; fileEncoding = 4; lastKnownFileType = sourcecode.c.objc; path = ProjectsPreferencesViewController.m; sourceTree = "<group>"; };
		3B9FCBB7163058F90013F015 /* AdvancedPreferencesViewController.h */ = {isa = PBXFileReference; fileEncoding = 4; lastKnownFileType = sourcecode.c.h; path = AdvancedPreferencesViewController.h; sourceTree = "<group>"; };
		3B9FCBB8163058F90013F015 /* AdvancedPreferencesViewController.m */ = {isa = PBXFileReference; fileEncoding = 4; lastKnownFileType = sourcecode.c.objc; path = AdvancedPreferencesViewController.m; sourceTree = "<group>"; };
		3B9FCBB9163058F90013F015 /* AdvancedPreferencesView.xib */ = {isa = PBXFileReference; fileEncoding = 4; lastKnownFileType = file.xib; path = AdvancedPreferencesView.xib; sourceTree = "<group>"; };
		3B9FCBC6163069E40013F015 /* PreferencesViewControllerSharedExamples.h */ = {isa = PBXFileReference; fileEncoding = 4; lastKnownFileType = sourcecode.c.h; path = PreferencesViewControllerSharedExamples.h; sourceTree = "<group>"; };
		3B9FCBC8163072120013F015 /* ProjectsPreferencesViewControllerSpec.m */ = {isa = PBXFileReference; fileEncoding = 4; lastKnownFileType = sourcecode.c.objc; path = ProjectsPreferencesViewControllerSpec.m; sourceTree = "<group>"; };
		3B9FCBCB1630721E0013F015 /* AdvancedPreferencesViewControllerSpec.m */ = {isa = PBXFileReference; fileEncoding = 4; lastKnownFileType = sourcecode.c.objc; path = AdvancedPreferencesViewControllerSpec.m; sourceTree = "<group>"; };
/* End PBXFileReference section */

/* Begin PBXFrameworksBuildPhase section */
		3B7B55EF162F0BF500D7CDCB /* Frameworks */ = {
			isa = PBXFrameworksBuildPhase;
			buildActionMask = 2147483647;
			files = (
				3B7B55F7162F0BF500D7CDCB /* Cocoa.framework in Frameworks */,
			);
			runOnlyForDeploymentPostprocessing = 0;
		};
		3B7B560F162F0BF500D7CDCB /* Frameworks */ = {
			isa = PBXFrameworksBuildPhase;
			buildActionMask = 2147483647;
			files = (
				3B7B5615162F0BF500D7CDCB /* SenTestingKit.framework in Frameworks */,
				3B7B5616162F0BF500D7CDCB /* Cocoa.framework in Frameworks */,
				3B7B5657162F0C5B00D7CDCB /* libExpecta-macosx.a in Frameworks */,
				3B7B5658162F0C5B00D7CDCB /* OCMock.framework in Frameworks */,
				3B7B5659162F0C5B00D7CDCB /* libSpecta-macosx.a in Frameworks */,
			);
			runOnlyForDeploymentPostprocessing = 0;
		};
/* End PBXFrameworksBuildPhase section */

/* Begin PBXGroup section */
		3B7B55E7162F0BF500D7CDCB = {
			isa = PBXGroup;
			children = (
				3B8C733B16312E780092ADE8 /* semaphore-notifier.icns */,
				3B8C733616311FC60092ADE8 /* License.txt */,
				3B7B55FC162F0BF500D7CDCB /* Semaphore Notifier */,
				3B7B5619162F0BF500D7CDCB /* Semaphore NotifierTests */,
				3B7B55F5162F0BF500D7CDCB /* Frameworks */,
				3B7B55F3162F0BF500D7CDCB /* Products */,
			);
			indentWidth = 2;
			sourceTree = "<group>";
			tabWidth = 2;
		};
		3B7B55F3162F0BF500D7CDCB /* Products */ = {
			isa = PBXGroup;
			children = (
				3B7B55F2162F0BF500D7CDCB /* Semaphore Notifier.app */,
				3B7B5613162F0BF500D7CDCB /* Semaphore NotifierTests.octest */,
			);
			name = Products;
			sourceTree = "<group>";
		};
		3B7B55F5162F0BF500D7CDCB /* Frameworks */ = {
			isa = PBXGroup;
			children = (
				3B9FCB8B162F28340013F015 /* vendor */,
				3B7B562A162F0C5B00D7CDCB /* Expecta */,
				3B7B564B162F0C5B00D7CDCB /* OCMock.framework */,
				3B7B564C162F0C5B00D7CDCB /* Specta */,
				3B7B55F6162F0BF500D7CDCB /* Cocoa.framework */,
				3B7B5614162F0BF500D7CDCB /* SenTestingKit.framework */,
				3B7B55F8162F0BF500D7CDCB /* Other Frameworks */,
			);
			name = Frameworks;
			sourceTree = "<group>";
		};
		3B7B55F8162F0BF500D7CDCB /* Other Frameworks */ = {
			isa = PBXGroup;
			children = (
				3B7B55F9162F0BF500D7CDCB /* AppKit.framework */,
				3B7B55FA162F0BF500D7CDCB /* CoreData.framework */,
				3B7B55FB162F0BF500D7CDCB /* Foundation.framework */,
			);
			name = "Other Frameworks";
			sourceTree = "<group>";
		};
		3B7B55FC162F0BF500D7CDCB /* Semaphore Notifier */ = {
			isa = PBXGroup;
			children = (
				3B9FCBA0162F293D0013F015 /* Controllers */,
				3B9FCB6F162F20400013F015 /* Models */,
				3B7B5608162F0BF500D7CDCB /* AppDelegate.h */,
				3B7B5609162F0BF500D7CDCB /* AppDelegate.m */,
				3B7B5663162F19A200D7CDCB /* Assets */,
				3B9FCB9F162F292C0013F015 /* Nibs */,
				3B7B55FD162F0BF500D7CDCB /* Supporting Files */,
			);
			path = "Semaphore Notifier";
			sourceTree = "<group>";
		};
		3B7B55FD162F0BF500D7CDCB /* Supporting Files */ = {
			isa = PBXGroup;
			children = (
				3B7B55FE162F0BF500D7CDCB /* Semaphore Notifier-Info.plist */,
				3B7B55FF162F0BF500D7CDCB /* InfoPlist.strings */,
				3B7B5602162F0BF500D7CDCB /* main.m */,
				3B7B5604162F0BF500D7CDCB /* Semaphore Notifier-Prefix.pch */,
				3B7B5605162F0BF500D7CDCB /* Credits.rtf */,
			);
			name = "Supporting Files";
			sourceTree = "<group>";
		};
		3B7B5619162F0BF500D7CDCB /* Semaphore NotifierTests */ = {
			isa = PBXGroup;
			children = (
				3B9FCBA8162F2A410013F015 /* Controllers */,
				3B9FCB71162F204A0013F015 /* Models */,
				3B7B561A162F0BF500D7CDCB /* Supporting Files */,
				3B7B5661162F134500D7CDCB /* AppDelegateLoadingSpec.m */,
				3B7B566E162F1BCD00D7CDCB /* StatusBarMenuSpec.m */,
				3B9FCB82162F23470013F015 /* AppDelegateSpec.m */,
			);
			path = "Semaphore NotifierTests";
			sourceTree = "<group>";
		};
		3B7B561A162F0BF500D7CDCB /* Supporting Files */ = {
			isa = PBXGroup;
			children = (
				3B7B561B162F0BF500D7CDCB /* Semaphore NotifierTests-Info.plist */,
				3B7B561C162F0BF500D7CDCB /* InfoPlist.strings */,
				3B7B565F162F0D7A00D7CDCB /* SpecHelper.h */,
			);
			name = "Supporting Files";
			sourceTree = "<group>";
		};
		3B7B562A162F0C5B00D7CDCB /* Expecta */ = {
			isa = PBXGroup;
			children = (
				3B7B562B162F0C5B00D7CDCB /* EXPBackwardCompatibility.h */,
				3B7B562C162F0C5B00D7CDCB /* EXPBlockDefinedMatcher.h */,
				3B7B562D162F0C5B00D7CDCB /* EXPDefines.h */,
				3B7B562E162F0C5B00D7CDCB /* EXPDoubleTuple.h */,
				3B7B562F162F0C5B00D7CDCB /* Expecta.h */,
				3B7B5630162F0C5B00D7CDCB /* ExpectaSupport.h */,
				3B7B5631162F0C5B00D7CDCB /* EXPExpect.h */,
				3B7B5632162F0C5B00D7CDCB /* EXPFloatTuple.h */,
				3B7B5633162F0C5B00D7CDCB /* EXPMatcher.h */,
				3B7B5634162F0C5B00D7CDCB /* EXPMatcherHelpers.h */,
				3B7B5635162F0C5B00D7CDCB /* EXPMatchers+beCloseTo.h */,
				3B7B5636162F0C5B00D7CDCB /* EXPMatchers+beFalsy.h */,
				3B7B5637162F0C5B00D7CDCB /* EXPMatchers+beGreaterThan.h */,
				3B7B5638162F0C5B00D7CDCB /* EXPMatchers+beGreaterThanOrEqualTo.h */,
				3B7B5639162F0C5B00D7CDCB /* EXPMatchers+beIdenticalTo.h */,
				3B7B563A162F0C5B00D7CDCB /* EXPMatchers+beInstanceOf.h */,
				3B7B563B162F0C5B00D7CDCB /* EXPMatchers+beInTheRangeOf.h */,
				3B7B563C162F0C5B00D7CDCB /* EXPMatchers+beKindOf.h */,
				3B7B563D162F0C5B00D7CDCB /* EXPMatchers+beLessThan.h */,
				3B7B563E162F0C5B00D7CDCB /* EXPMatchers+beLessThanOrEqualTo.h */,
				3B7B563F162F0C5B00D7CDCB /* EXPMatchers+beNil.h */,
				3B7B5640162F0C5B00D7CDCB /* EXPMatchers+beSubclassOf.h */,
				3B7B5641162F0C5B00D7CDCB /* EXPMatchers+beTruthy.h */,
				3B7B5642162F0C5B00D7CDCB /* EXPMatchers+contain.h */,
				3B7B5643162F0C5B00D7CDCB /* EXPMatchers+equal.h */,
				3B7B5644162F0C5B00D7CDCB /* EXPMatchers+haveCountOf.h */,
				3B7B5645162F0C5B00D7CDCB /* EXPMatchers+raise.h */,
				3B7B5646162F0C5B00D7CDCB /* EXPMatchers.h */,
				3B7B5647162F0C5B00D7CDCB /* EXPUnsupportedObject.h */,
				3B7B5648162F0C5B00D7CDCB /* libExpecta-macosx.a */,
				3B7B5649162F0C5B00D7CDCB /* NSObject+Expecta.h */,
				3B7B564A162F0C5B00D7CDCB /* NSValue+Expecta.h */,
			);
			path = Expecta;
			sourceTree = "<group>";
		};
		3B7B564C162F0C5B00D7CDCB /* Specta */ = {
			isa = PBXGroup;
			children = (
				3B7B564D162F0C5B00D7CDCB /* libSpecta-macosx.a */,
				3B7B564E162F0C5B00D7CDCB /* Specta.h */,
				3B7B564F162F0C5B00D7CDCB /* SpectaSupport.h */,
				3B7B5650162F0C5B00D7CDCB /* SpectaTypes.h */,
				3B7B5651162F0C5B00D7CDCB /* SPTExample.h */,
				3B7B5652162F0C5B00D7CDCB /* SPTExampleGroup.h */,
				3B7B5653162F0C5B00D7CDCB /* SPTSenTestCase.h */,
				3B7B5654162F0C5B00D7CDCB /* SPTSenTestInvocation.h */,
				3B7B5655162F0C5B00D7CDCB /* SPTSharedExampleGroups.h */,
				3B7B5656162F0C5B00D7CDCB /* SPTSpec.h */,
			);
			path = Specta;
			sourceTree = "<group>";
		};
		3B7B5663162F19A200D7CDCB /* Assets */ = {
			isa = PBXGroup;
			children = (
				3B7B5667162F1B2B00D7CDCB /* statusIconTemplate.png */,
				3B7B5668162F1B2B00D7CDCB /* statusIconTemplate@2x.png */,
			);
			path = Assets;
			sourceTree = "<group>";
		};
		3B8C730A1630A15A0092ADE8 /* preferences */ = {
			isa = PBXGroup;
			children = (
				3B9FCBA1162F295E0013F015 /* ConfigurationPreferencesViewController.h */,
				3B9FCBA2162F295E0013F015 /* ConfigurationPreferencesViewController.m */,
				3B9FCBB0163055CE0013F015 /* ProjectsPreferencesViewController.h */,
				3B9FCBB1163055CE0013F015 /* ProjectsPreferencesViewController.m */,
				3B9FCBB7163058F90013F015 /* AdvancedPreferencesViewController.h */,
				3B9FCBB8163058F90013F015 /* AdvancedPreferencesViewController.m */,
			);
			name = preferences;
			sourceTree = "<group>";
		};
		3B8C730C1630A1630092ADE8 /* status menu */ = {
			isa = PBXGroup;
			children = (
				3B8C730D1630A18F0092ADE8 /* ProjectMenuItemViewController.h */,
				3B8C730E1630A18F0092ADE8 /* ProjectMenuItemViewController.m */,
				3B8C733E1631392E0092ADE8 /* BranchMenuItemViewController.h */,
				3B8C733F1631392E0092ADE8 /* BranchMenuItemViewController.m */,
			);
			name = "status menu";
			sourceTree = "<group>";
		};
		3B8C73311630BB190092ADE8 /* SMXObject */ = {
			isa = PBXGroup;
			children = (
				3B8C73321630BB190092ADE8 /* SMXObject.h */,
				3B8C73331630BB190092ADE8 /* SMXObject.m */,
			);
			path = SMXObject;
			sourceTree = "<group>";
		};
		3B8C733D163138EE0092ADE8 /* Menu Items */ = {
			isa = PBXGroup;
			children = (
				3B8C73401631392F0092ADE8 /* BranchMenuItemView.xib */,
				3B8C730F1630A18F0092ADE8 /* ProjectMenuItemView.xib */,
			);
			name = "Menu Items";
			sourceTree = "<group>";
		};
		3B9FCB6F162F20400013F015 /* Models */ = {
			isa = PBXGroup;
			children = (
				3B9FCB72162F205C0013F015 /* Project.h */,
				3B9FCB73162F205C0013F015 /* Project.m */,
				3B8C7348163139CA0092ADE8 /* Branch.h */,
				3B8C7349163139CA0092ADE8 /* Branch.m */,
			);
			name = Models;
			sourceTree = "<group>";
		};
		3B9FCB71162F204A0013F015 /* Models */ = {
			isa = PBXGroup;
			children = (
				3B9FCB77162F206A0013F015 /* ProjectSpec.m */,
				3B8C734D163139D50092ADE8 /* BranchSpec.m */,
			);
			name = Models;
			sourceTree = "<group>";
		};
		3B9FCB8B162F28340013F015 /* vendor */ = {
			isa = PBXGroup;
			children = (
				3B8C73311630BB190092ADE8 /* SMXObject */,
				3B9FCB90162F28CE0013F015 /* MASPreferences */,
			);
			path = vendor;
			sourceTree = "<group>";
		};
		3B9FCB90162F28CE0013F015 /* MASPreferences */ = {
			isa = PBXGroup;
			children = (
				3B9FCB92162F28CE0013F015 /* MASPreferencesViewController.h */,
				3B9FCB93162F28CE0013F015 /* MASPreferencesWindow.xib */,
				3B9FCB94162F28CE0013F015 /* MASPreferencesWindowController.h */,
				3B9FCB95162F28CE0013F015 /* MASPreferencesWindowController.m */,
				3B9FCB96162F28CE0013F015 /* README.md */,
			);
			path = MASPreferences;
			sourceTree = "<group>";
		};
		3B9FCB9F162F292C0013F015 /* Nibs */ = {
			isa = PBXGroup;
			children = (
				3B9FCBBE16305A580013F015 /* Preferences */,
				3B8C733D163138EE0092ADE8 /* Menu Items */,
				3B7B560B162F0BF500D7CDCB /* MainMenu.xib */,
			);
			name = Nibs;
			sourceTree = "<group>";
		};
		3B9FCBA0162F293D0013F015 /* Controllers */ = {
			isa = PBXGroup;
			children = (
				3B8C730C1630A1630092ADE8 /* status menu */,
				3B8C730A1630A15A0092ADE8 /* preferences */,
			);
			name = Controllers;
			sourceTree = "<group>";
		};
		3B9FCBA8162F2A410013F015 /* Controllers */ = {
			isa = PBXGroup;
			children = (
				3B9FCBAA162F2A530013F015 /* ConfigurationPreferenceViewControllerSpec.m */,
				3B9FCBC8163072120013F015 /* ProjectsPreferencesViewControllerSpec.m */,
				3B9FCBCB1630721E0013F015 /* AdvancedPreferencesViewControllerSpec.m */,
				3B9FCBC6163069E40013F015 /* PreferencesViewControllerSharedExamples.h */,
				3B8C73151630A3D20092ADE8 /* ProjectMenuItemViewControllerSpec.m */,
				3B8C73461631396C0092ADE8 /* BranchMenuItemViewControllerSpec.m */,
			);
			name = Controllers;
			sourceTree = "<group>";
		};
		3B9FCBBE16305A580013F015 /* Preferences */ = {
			isa = PBXGroup;
			children = (
				3B8C73171630B6640092ADE8 /* ProjectsPreferencesView.xib */,
				3B9FCBB9163058F90013F015 /* AdvancedPreferencesView.xib */,
				3B9FCBA3162F295E0013F015 /* ConfigurationPreferencesView.xib */,
			);
			name = Preferences;
			sourceTree = "<group>";
		};
/* End PBXGroup section */

/* Begin PBXNativeTarget section */
		3B7B55F1162F0BF500D7CDCB /* Semaphore Notifier */ = {
			isa = PBXNativeTarget;
			buildConfigurationList = 3B7B5624162F0BF500D7CDCB /* Build configuration list for PBXNativeTarget "Semaphore Notifier" */;
			buildPhases = (
				3B7B55EE162F0BF500D7CDCB /* Sources */,
				3B7B55EF162F0BF500D7CDCB /* Frameworks */,
				3B7B55F0162F0BF500D7CDCB /* Resources */,
			);
			buildRules = (
			);
			dependencies = (
			);
			name = "Semaphore Notifier";
			productName = "Semaphore Notifier";
			productReference = 3B7B55F2162F0BF500D7CDCB /* Semaphore Notifier.app */;
			productType = "com.apple.product-type.application";
		};
		3B7B5612162F0BF500D7CDCB /* Semaphore NotifierTests */ = {
			isa = PBXNativeTarget;
			buildConfigurationList = 3B7B5627162F0BF500D7CDCB /* Build configuration list for PBXNativeTarget "Semaphore NotifierTests" */;
			buildPhases = (
				3B7B560E162F0BF500D7CDCB /* Sources */,
				3B7B560F162F0BF500D7CDCB /* Frameworks */,
				3B7B5610162F0BF500D7CDCB /* Resources */,
				3B7B565A162F0D2900D7CDCB /* CopyFiles */,
				3B7B5611162F0BF500D7CDCB /* ShellScript */,
			);
			buildRules = (
			);
			dependencies = (
				3B7B5618162F0BF500D7CDCB /* PBXTargetDependency */,
			);
			name = "Semaphore NotifierTests";
			productName = "Semaphore NotifierTests";
			productReference = 3B7B5613162F0BF500D7CDCB /* Semaphore NotifierTests.octest */;
			productType = "com.apple.product-type.bundle";
		};
/* End PBXNativeTarget section */

/* Begin PBXProject section */
		3B7B55E9162F0BF500D7CDCB /* Project object */ = {
			isa = PBXProject;
			attributes = {
				LastUpgradeCheck = 0450;
				ORGANIZATIONNAME = "David Rouchy";
			};
			buildConfigurationList = 3B7B55EC162F0BF500D7CDCB /* Build configuration list for PBXProject "Semaphore Notifier" */;
			compatibilityVersion = "Xcode 3.2";
			developmentRegion = English;
			hasScannedForEncodings = 0;
			knownRegions = (
				en,
			);
			mainGroup = 3B7B55E7162F0BF500D7CDCB;
			productRefGroup = 3B7B55F3162F0BF500D7CDCB /* Products */;
			projectDirPath = "";
			projectRoot = "";
			targets = (
				3B7B55F1162F0BF500D7CDCB /* Semaphore Notifier */,
				3B7B5612162F0BF500D7CDCB /* Semaphore NotifierTests */,
			);
		};
/* End PBXProject section */

/* Begin PBXResourcesBuildPhase section */
		3B7B55F0162F0BF500D7CDCB /* Resources */ = {
			isa = PBXResourcesBuildPhase;
			buildActionMask = 2147483647;
			files = (
				3B7B5601162F0BF500D7CDCB /* InfoPlist.strings in Resources */,
				3B7B5607162F0BF500D7CDCB /* Credits.rtf in Resources */,
				3B7B560D162F0BF500D7CDCB /* MainMenu.xib in Resources */,
				3B7B5669162F1B2B00D7CDCB /* statusIconTemplate.png in Resources */,
				3B7B566B162F1B2B00D7CDCB /* statusIconTemplate@2x.png in Resources */,
				3B9FCB99162F28CE0013F015 /* MASPreferencesWindow.xib in Resources */,
				3B9FCB9D162F28CE0013F015 /* README.md in Resources */,
				3B9FCBA6162F295E0013F015 /* ConfigurationPreferencesView.xib in Resources */,
				3B9FCBBC163058F90013F015 /* AdvancedPreferencesView.xib in Resources */,
				3B8C73121630A18F0092ADE8 /* ProjectMenuItemView.xib in Resources */,
				3B8C73181630B6640092ADE8 /* ProjectsPreferencesView.xib in Resources */,
				3B8C733716311FC60092ADE8 /* License.txt in Resources */,
				3B8C733C16312E780092ADE8 /* semaphore-notifier.icns in Resources */,
				3B8C73431631392F0092ADE8 /* BranchMenuItemView.xib in Resources */,
			);
			runOnlyForDeploymentPostprocessing = 0;
		};
		3B7B5610162F0BF500D7CDCB /* Resources */ = {
			isa = PBXResourcesBuildPhase;
			buildActionMask = 2147483647;
			files = (
				3B7B561E162F0BF500D7CDCB /* InfoPlist.strings in Resources */,
				3B7B566A162F1B2B00D7CDCB /* statusIconTemplate.png in Resources */,
				3B7B566C162F1B2B00D7CDCB /* statusIconTemplate@2x.png in Resources */,
				3B9FCB9A162F28CE0013F015 /* MASPreferencesWindow.xib in Resources */,
				3B9FCB9E162F28CE0013F015 /* README.md in Resources */,
				3B9FCBA7162F295E0013F015 /* ConfigurationPreferencesView.xib in Resources */,
				3B9FCBBD163058F90013F015 /* AdvancedPreferencesView.xib in Resources */,
				3B8C73131630A18F0092ADE8 /* ProjectMenuItemView.xib in Resources */,
				3B8C73441631392F0092ADE8 /* BranchMenuItemView.xib in Resources */,
			);
			runOnlyForDeploymentPostprocessing = 0;
		};
/* End PBXResourcesBuildPhase section */

/* Begin PBXShellScriptBuildPhase section */
		3B7B5611162F0BF500D7CDCB /* ShellScript */ = {
			isa = PBXShellScriptBuildPhase;
			buildActionMask = 2147483647;
			files = (
			);
			inputPaths = (
			);
			outputPaths = (
			);
			runOnlyForDeploymentPostprocessing = 0;
			shellPath = /bin/sh;
			shellScript = "# Run the unit tests in this test bundle.\n\"${SYSTEM_DEVELOPER_DIR}/Tools/RunUnitTests\"\n";
		};
/* End PBXShellScriptBuildPhase section */

/* Begin PBXSourcesBuildPhase section */
		3B7B55EE162F0BF500D7CDCB /* Sources */ = {
			isa = PBXSourcesBuildPhase;
			buildActionMask = 2147483647;
			files = (
				3B7B5603162F0BF500D7CDCB /* main.m in Sources */,
				3B7B560A162F0BF500D7CDCB /* AppDelegate.m in Sources */,
				3B9FCB74162F205C0013F015 /* Project.m in Sources */,
				3B9FCB9B162F28CE0013F015 /* MASPreferencesWindowController.m in Sources */,
				3B9FCBA4162F295E0013F015 /* ConfigurationPreferencesViewController.m in Sources */,
				3B9FCBB3163055CE0013F015 /* ProjectsPreferencesViewController.m in Sources */,
				3B9FCBBA163058F90013F015 /* AdvancedPreferencesViewController.m in Sources */,
				3B8C73101630A18F0092ADE8 /* ProjectMenuItemViewController.m in Sources */,
				3B8C73341630BB190092ADE8 /* SMXObject.m in Sources */,
				3B8C73411631392F0092ADE8 /* BranchMenuItemViewController.m in Sources */,
				3B8C734A163139CA0092ADE8 /* Branch.m in Sources */,
			);
			runOnlyForDeploymentPostprocessing = 0;
		};
		3B7B560E162F0BF500D7CDCB /* Sources */ = {
			isa = PBXSourcesBuildPhase;
			buildActionMask = 2147483647;
			files = (
				3B7B5662162F134500D7CDCB /* AppDelegateLoadingSpec.m in Sources */,
				3B7B566F162F1BCD00D7CDCB /* StatusBarMenuSpec.m in Sources */,
				3B9FCB75162F205C0013F015 /* Project.m in Sources */,
				3B9FCB78162F206A0013F015 /* ProjectSpec.m in Sources */,
				3B9FCB83162F23470013F015 /* AppDelegateSpec.m in Sources */,
				3B9FCB9C162F28CE0013F015 /* MASPreferencesWindowController.m in Sources */,
				3B9FCBA5162F295E0013F015 /* ConfigurationPreferencesViewController.m in Sources */,
				3B9FCBAB162F2A530013F015 /* ConfigurationPreferenceViewControllerSpec.m in Sources */,
				3B9FCBB4163055CE0013F015 /* ProjectsPreferencesViewController.m in Sources */,
				3B9FCBBB163058F90013F015 /* AdvancedPreferencesViewController.m in Sources */,
				3B9FCBC9163072120013F015 /* ProjectsPreferencesViewControllerSpec.m in Sources */,
				3B9FCBCC1630721E0013F015 /* AdvancedPreferencesViewControllerSpec.m in Sources */,
				3B8C73111630A18F0092ADE8 /* ProjectMenuItemViewController.m in Sources */,
				3B8C73161630A3D20092ADE8 /* ProjectMenuItemViewControllerSpec.m in Sources */,
				3B8C73351630BB190092ADE8 /* SMXObject.m in Sources */,
				3B8C73421631392F0092ADE8 /* BranchMenuItemViewController.m in Sources */,
				3B8C73471631396C0092ADE8 /* BranchMenuItemViewControllerSpec.m in Sources */,
				3B8C734B163139CA0092ADE8 /* Branch.m in Sources */,
				3B8C734E163139D50092ADE8 /* BranchSpec.m in Sources */,
			);
			runOnlyForDeploymentPostprocessing = 0;
		};
/* End PBXSourcesBuildPhase section */

/* Begin PBXTargetDependency section */
		3B7B5618162F0BF500D7CDCB /* PBXTargetDependency */ = {
			isa = PBXTargetDependency;
			target = 3B7B55F1162F0BF500D7CDCB /* Semaphore Notifier */;
			targetProxy = 3B7B5617162F0BF500D7CDCB /* PBXContainerItemProxy */;
		};
/* End PBXTargetDependency section */

/* Begin PBXVariantGroup section */
		3B7B55FF162F0BF500D7CDCB /* InfoPlist.strings */ = {
			isa = PBXVariantGroup;
			children = (
				3B7B5600162F0BF500D7CDCB /* en */,
			);
			name = InfoPlist.strings;
			sourceTree = "<group>";
		};
		3B7B5605162F0BF500D7CDCB /* Credits.rtf */ = {
			isa = PBXVariantGroup;
			children = (
				3B7B5606162F0BF500D7CDCB /* en */,
			);
			name = Credits.rtf;
			sourceTree = "<group>";
		};
		3B7B560B162F0BF500D7CDCB /* MainMenu.xib */ = {
			isa = PBXVariantGroup;
			children = (
				3B7B560C162F0BF500D7CDCB /* en */,
			);
			name = MainMenu.xib;
			sourceTree = "<group>";
		};
		3B7B561C162F0BF500D7CDCB /* InfoPlist.strings */ = {
			isa = PBXVariantGroup;
			children = (
				3B7B561D162F0BF500D7CDCB /* en */,
			);
			name = InfoPlist.strings;
			sourceTree = "<group>";
		};
/* End PBXVariantGroup section */

/* Begin XCBuildConfiguration section */
		3B7B5622162F0BF500D7CDCB /* Debug */ = {
			isa = XCBuildConfiguration;
			buildSettings = {
				ALWAYS_SEARCH_USER_PATHS = NO;
				ARCHS = "$(ARCHS_STANDARD_64_BIT)";
				CLANG_CXX_LANGUAGE_STANDARD = "gnu++0x";
				CLANG_CXX_LIBRARY = "libc++";
				CLANG_WARN_EMPTY_BODY = YES;
				CLANG_WARN__DUPLICATE_METHOD_MATCH = YES;
				COPY_PHASE_STRIP = NO;
				GCC_C_LANGUAGE_STANDARD = gnu99;
				GCC_DYNAMIC_NO_PIC = NO;
				GCC_ENABLE_OBJC_EXCEPTIONS = YES;
				GCC_OPTIMIZATION_LEVEL = 0;
				GCC_PREPROCESSOR_DEFINITIONS = (
					"DEBUG=1",
					"$(inherited)",
				);
				GCC_SYMBOLS_PRIVATE_EXTERN = NO;
				GCC_WARN_64_TO_32_BIT_CONVERSION = YES;
				GCC_WARN_ABOUT_RETURN_TYPE = YES;
				GCC_WARN_UNINITIALIZED_AUTOS = YES;
				GCC_WARN_UNUSED_VARIABLE = YES;
				MACOSX_DEPLOYMENT_TARGET = 10.8;
				ONLY_ACTIVE_ARCH = YES;
				SDKROOT = macosx;
			};
			name = Debug;
		};
		3B7B5623162F0BF500D7CDCB /* Release */ = {
			isa = XCBuildConfiguration;
			buildSettings = {
				ALWAYS_SEARCH_USER_PATHS = NO;
				ARCHS = "$(ARCHS_STANDARD_64_BIT)";
				CLANG_CXX_LANGUAGE_STANDARD = "gnu++0x";
				CLANG_CXX_LIBRARY = "libc++";
				CLANG_WARN_EMPTY_BODY = YES;
				CLANG_WARN__DUPLICATE_METHOD_MATCH = YES;
				COPY_PHASE_STRIP = YES;
				DEBUG_INFORMATION_FORMAT = "dwarf-with-dsym";
				GCC_C_LANGUAGE_STANDARD = gnu99;
				GCC_ENABLE_OBJC_EXCEPTIONS = YES;
				GCC_WARN_64_TO_32_BIT_CONVERSION = YES;
				GCC_WARN_ABOUT_RETURN_TYPE = YES;
				GCC_WARN_UNINITIALIZED_AUTOS = YES;
				GCC_WARN_UNUSED_VARIABLE = YES;
				MACOSX_DEPLOYMENT_TARGET = 10.8;
				SDKROOT = macosx;
			};
			name = Release;
		};
		3B7B5625162F0BF500D7CDCB /* Debug */ = {
			isa = XCBuildConfiguration;
			buildSettings = {
				COMBINE_HIDPI_IMAGES = YES;
				GCC_PRECOMPILE_PREFIX_HEADER = YES;
				GCC_PREFIX_HEADER = "Semaphore Notifier/Semaphore Notifier-Prefix.pch";
				INFOPLIST_FILE = "Semaphore Notifier/Semaphore Notifier-Info.plist";
				PRODUCT_NAME = "$(TARGET_NAME)";
				WRAPPER_EXTENSION = app;
			};
			name = Debug;
		};
		3B7B5626162F0BF500D7CDCB /* Release */ = {
			isa = XCBuildConfiguration;
			buildSettings = {
				COMBINE_HIDPI_IMAGES = YES;
				GCC_PRECOMPILE_PREFIX_HEADER = YES;
				GCC_PREFIX_HEADER = "Semaphore Notifier/Semaphore Notifier-Prefix.pch";
				INFOPLIST_FILE = "Semaphore Notifier/Semaphore Notifier-Info.plist";
				PRODUCT_NAME = "$(TARGET_NAME)";
				WRAPPER_EXTENSION = app;
			};
			name = Release;
		};
		3B7B5628162F0BF500D7CDCB /* Debug */ = {
			isa = XCBuildConfiguration;
			buildSettings = {
				BUNDLE_LOADER = "$(BUILT_PRODUCTS_DIR)/Semaphore Notifier.app/Contents/MacOS/Semaphore Notifier";
				COMBINE_HIDPI_IMAGES = YES;
				FRAMEWORK_SEARCH_PATHS = (
					"\"$(DEVELOPER_LIBRARY_DIR)/Frameworks\"",
					"\"$(SRCROOT)\"",
				);
				GCC_PRECOMPILE_PREFIX_HEADER = YES;
				GCC_PREFIX_HEADER = "Semaphore Notifier/Semaphore Notifier-Prefix.pch";
				INFOPLIST_FILE = "Semaphore NotifierTests/Semaphore NotifierTests-Info.plist";
				LIBRARY_SEARCH_PATHS = (
					"$(inherited)",
					"\"$(SRCROOT)/Expecta\"",
					"\"$(SRCROOT)/Specta\"",
				);
				OTHER_LDFLAGS = "-ObjC";
				PRODUCT_NAME = "$(TARGET_NAME)";
				TEST_HOST = "$(BUNDLE_LOADER)";
				WRAPPER_EXTENSION = octest;
			};
			name = Debug;
		};
		3B7B5629162F0BF500D7CDCB /* Release */ = {
			isa = XCBuildConfiguration;
			buildSettings = {
				BUNDLE_LOADER = "$(BUILT_PRODUCTS_DIR)/Semaphore Notifier.app/Contents/MacOS/Semaphore Notifier";
				COMBINE_HIDPI_IMAGES = YES;
				FRAMEWORK_SEARCH_PATHS = (
					"\"$(DEVELOPER_LIBRARY_DIR)/Frameworks\"",
					"\"$(SRCROOT)\"",
				);
				GCC_PRECOMPILE_PREFIX_HEADER = YES;
				GCC_PREFIX_HEADER = "Semaphore Notifier/Semaphore Notifier-Prefix.pch";
				INFOPLIST_FILE = "Semaphore NotifierTests/Semaphore NotifierTests-Info.plist";
				LIBRARY_SEARCH_PATHS = (
					"$(inherited)",
					"\"$(SRCROOT)/Expecta\"",
					"\"$(SRCROOT)/Specta\"",
				);
				OTHER_LDFLAGS = "-ObjC";
				PRODUCT_NAME = "$(TARGET_NAME)";
				TEST_HOST = "$(BUNDLE_LOADER)";
				WRAPPER_EXTENSION = octest;
			};
			name = Release;
		};
/* End XCBuildConfiguration section */

/* Begin XCConfigurationList section */
		3B7B55EC162F0BF500D7CDCB /* Build configuration list for PBXProject "Semaphore Notifier" */ = {
			isa = XCConfigurationList;
			buildConfigurations = (
				3B7B5622162F0BF500D7CDCB /* Debug */,
				3B7B5623162F0BF500D7CDCB /* Release */,
			);
			defaultConfigurationIsVisible = 0;
			defaultConfigurationName = Release;
		};
		3B7B5624162F0BF500D7CDCB /* Build configuration list for PBXNativeTarget "Semaphore Notifier" */ = {
			isa = XCConfigurationList;
			buildConfigurations = (
				3B7B5625162F0BF500D7CDCB /* Debug */,
				3B7B5626162F0BF500D7CDCB /* Release */,
			);
			defaultConfigurationIsVisible = 0;
			defaultConfigurationName = Release;
		};
		3B7B5627162F0BF500D7CDCB /* Build configuration list for PBXNativeTarget "Semaphore NotifierTests" */ = {
			isa = XCConfigurationList;
			buildConfigurations = (
				3B7B5628162F0BF500D7CDCB /* Debug */,
				3B7B5629162F0BF500D7CDCB /* Release */,
			);
			defaultConfigurationIsVisible = 0;
			defaultConfigurationName = Release;
		};
/* End XCConfigurationList section */
	};
	rootObject = 3B7B55E9162F0BF500D7CDCB /* Project object */;
}
